// !$*UTF8*$!
{
	archiveVersion = 1;
	classes = {
	};
	objectVersion = 56;
	objects = {

/* Begin PBXBuildFile section */
		6F06DDE8290D69BA00DB5297 /* UIFontExtension.swift in Sources */ = {isa = PBXBuildFile; fileRef = 6F06DDE7290D69BA00DB5297 /* UIFontExtension.swift */; };
		6F06DDEA290D6A5E00DB5297 /* UIImageExtension.swift in Sources */ = {isa = PBXBuildFile; fileRef = 6F06DDE9290D6A5E00DB5297 /* UIImageExtension.swift */; };
		6F06DDED290EBFC500DB5297 /* CacheResponseFromURL.swift in Sources */ = {isa = PBXBuildFile; fileRef = 6F06DDEC290EBFC500DB5297 /* CacheResponseFromURL.swift */; };
		6F06DDEF290EE18200DB5297 /* URLSessionExtension.swift in Sources */ = {isa = PBXBuildFile; fileRef = 6F06DDEE290EE18200DB5297 /* URLSessionExtension.swift */; };
		6F2CF692290BDC21007699FE /* EmployeeListModel.swift in Sources */ = {isa = PBXBuildFile; fileRef = 6F2CF691290BDC21007699FE /* EmployeeListModel.swift */; };
		6F2CF69B290BF704007699FE /* UIViewExtension.swift in Sources */ = {isa = PBXBuildFile; fileRef = 6F2CF69A290BF704007699FE /* UIViewExtension.swift */; };
		6F2CF69F290BFF3B007699FE /* EmployeePresenter.swift in Sources */ = {isa = PBXBuildFile; fileRef = 6F2CF69E290BFF3B007699FE /* EmployeePresenter.swift */; };
		6F2CF6A2290C03FF007699FE /* EmployeeListCell.swift in Sources */ = {isa = PBXBuildFile; fileRef = 6F2CF6A1290C03FF007699FE /* EmployeeListCell.swift */; };
		6F2CF6A4290C2786007699FE /* NetworkService.swift in Sources */ = {isa = PBXBuildFile; fileRef = 6F2CF6A3290C2786007699FE /* NetworkService.swift */; };
		6F2CF6A6290C2C89007699FE /* ErrorTypes.swift in Sources */ = {isa = PBXBuildFile; fileRef = 6F2CF6A5290C2C89007699FE /* ErrorTypes.swift */; };
		6F2CF6A9290C3668007699FE /* ModuleBuilder.swift in Sources */ = {isa = PBXBuildFile; fileRef = 6F2CF6A8290C3668007699FE /* ModuleBuilder.swift */; };
		6F2CF6AB290D2264007699FE /* NetworkMotinor.swift in Sources */ = {isa = PBXBuildFile; fileRef = 6F2CF6AA290D2264007699FE /* NetworkMotinor.swift */; };
		6FD54CAC290BBCA400A78426 /* AppDelegate.swift in Sources */ = {isa = PBXBuildFile; fileRef = 6FD54CAB290BBCA400A78426 /* AppDelegate.swift */; };
		6FD54CAE290BBCA400A78426 /* SceneDelegate.swift in Sources */ = {isa = PBXBuildFile; fileRef = 6FD54CAD290BBCA400A78426 /* SceneDelegate.swift */; };
		6FD54CB0290BBCA400A78426 /* EmployeeListViewController.swift in Sources */ = {isa = PBXBuildFile; fileRef = 6FD54CAF290BBCA400A78426 /* EmployeeListViewController.swift */; };
		6FD54CB5290BBCA700A78426 /* Assets.xcassets in Resources */ = {isa = PBXBuildFile; fileRef = 6FD54CB4290BBCA700A78426 /* Assets.xcassets */; };
		6FD54CB8290BBCA700A78426 /* LaunchScreen.storyboard in Resources */ = {isa = PBXBuildFile; fileRef = 6FD54CB6290BBCA700A78426 /* LaunchScreen.storyboard */; };
/* End PBXBuildFile section */

/* Begin PBXFileReference section */
		6F06DDE7290D69BA00DB5297 /* UIFontExtension.swift */ = {isa = PBXFileReference; lastKnownFileType = sourcecode.swift; path = UIFontExtension.swift; sourceTree = "<group>"; };
		6F06DDE9290D6A5E00DB5297 /* UIImageExtension.swift */ = {isa = PBXFileReference; lastKnownFileType = sourcecode.swift; path = UIImageExtension.swift; sourceTree = "<group>"; };
		6F06DDEC290EBFC500DB5297 /* CacheResponseFromURL.swift */ = {isa = PBXFileReference; lastKnownFileType = sourcecode.swift; path = CacheResponseFromURL.swift; sourceTree = "<group>"; };
		6F06DDEE290EE18200DB5297 /* URLSessionExtension.swift */ = {isa = PBXFileReference; lastKnownFileType = sourcecode.swift; path = URLSessionExtension.swift; sourceTree = "<group>"; };
		6F2CF691290BDC21007699FE /* EmployeeListModel.swift */ = {isa = PBXFileReference; lastKnownFileType = sourcecode.swift; path = EmployeeListModel.swift; sourceTree = "<group>"; };
		6F2CF69A290BF704007699FE /* UIViewExtension.swift */ = {isa = PBXFileReference; lastKnownFileType = sourcecode.swift; path = UIViewExtension.swift; sourceTree = "<group>"; };
		6F2CF69E290BFF3B007699FE /* EmployeePresenter.swift */ = {isa = PBXFileReference; lastKnownFileType = sourcecode.swift; path = EmployeePresenter.swift; sourceTree = "<group>"; };
		6F2CF6A1290C03FF007699FE /* EmployeeListCell.swift */ = {isa = PBXFileReference; lastKnownFileType = sourcecode.swift; path = EmployeeListCell.swift; sourceTree = "<group>"; };
		6F2CF6A3290C2786007699FE /* NetworkService.swift */ = {isa = PBXFileReference; lastKnownFileType = sourcecode.swift; path = NetworkService.swift; sourceTree = "<group>"; };
		6F2CF6A5290C2C89007699FE /* ErrorTypes.swift */ = {isa = PBXFileReference; lastKnownFileType = sourcecode.swift; path = ErrorTypes.swift; sourceTree = "<group>"; };
		6F2CF6A8290C3668007699FE /* ModuleBuilder.swift */ = {isa = PBXFileReference; lastKnownFileType = sourcecode.swift; path = ModuleBuilder.swift; sourceTree = "<group>"; };
		6F2CF6AA290D2264007699FE /* NetworkMotinor.swift */ = {isa = PBXFileReference; lastKnownFileType = sourcecode.swift; path = NetworkMotinor.swift; sourceTree = "<group>"; };
		6FD54CA8290BBCA400A78426 /* AvitoTestAssignment.app */ = {isa = PBXFileReference; explicitFileType = wrapper.application; includeInIndex = 0; path = AvitoTestAssignment.app; sourceTree = BUILT_PRODUCTS_DIR; };
		6FD54CAB290BBCA400A78426 /* AppDelegate.swift */ = {isa = PBXFileReference; lastKnownFileType = sourcecode.swift; path = AppDelegate.swift; sourceTree = "<group>"; };
		6FD54CAD290BBCA400A78426 /* SceneDelegate.swift */ = {isa = PBXFileReference; lastKnownFileType = sourcecode.swift; path = SceneDelegate.swift; sourceTree = "<group>"; };
		6FD54CAF290BBCA400A78426 /* EmployeeListViewController.swift */ = {isa = PBXFileReference; lastKnownFileType = sourcecode.swift; path = EmployeeListViewController.swift; sourceTree = "<group>"; };
		6FD54CB4290BBCA700A78426 /* Assets.xcassets */ = {isa = PBXFileReference; lastKnownFileType = folder.assetcatalog; path = Assets.xcassets; sourceTree = "<group>"; };
		6FD54CB7290BBCA700A78426 /* Base */ = {isa = PBXFileReference; lastKnownFileType = file.storyboard; name = Base; path = Base.lproj/LaunchScreen.storyboard; sourceTree = "<group>"; };
		6FD54CB9290BBCA700A78426 /* Info.plist */ = {isa = PBXFileReference; lastKnownFileType = text.plist.xml; path = Info.plist; sourceTree = "<group>"; };
/* End PBXFileReference section */

/* Begin PBXFrameworksBuildPhase section */
		6FD54CA5290BBCA400A78426 /* Frameworks */ = {
			isa = PBXFrameworksBuildPhase;
			buildActionMask = 2147483647;
			files = (
			);
			runOnlyForDeploymentPostprocessing = 0;
		};
/* End PBXFrameworksBuildPhase section */

/* Begin PBXGroup section */
		6F06DDEB290EBF8000DB5297 /* Cache layer */ = {
			isa = PBXGroup;
			children = (
				6F06DDEC290EBFC500DB5297 /* CacheResponseFromURL.swift */,
			);
			path = "Cache layer";
			sourceTree = "<group>";
		};
		6F2CF68F290BDC02007699FE /* EmployeeListScreen */ = {
			isa = PBXGroup;
			children = (
				6F2CF690290BDC0C007699FE /* Model */,
				6F2CF696290BDE65007699FE /* View */,
				6F2CF69D290BFF23007699FE /* Presenter */,
				6F2CF69C290BF7D9007699FE /* Network */,
			);
			path = EmployeeListScreen;
			sourceTree = "<group>";
		};
		6F2CF690290BDC0C007699FE /* Model */ = {
			isa = PBXGroup;
			children = (
				6F2CF691290BDC21007699FE /* EmployeeListModel.swift */,
			);
			path = Model;
			sourceTree = "<group>";
		};
		6F2CF693290BDDB2007699FE /* Application */ = {
			isa = PBXGroup;
			children = (
				6FD54CAB290BBCA400A78426 /* AppDelegate.swift */,
				6FD54CAD290BBCA400A78426 /* SceneDelegate.swift */,
				6F2CF6A8290C3668007699FE /* ModuleBuilder.swift */,
			);
			path = Application;
			sourceTree = "<group>";
		};
		6F2CF695290BDE4E007699FE /* Resources */ = {
			isa = PBXGroup;
			children = (
				6FD54CB4290BBCA700A78426 /* Assets.xcassets */,
				6FD54CB9290BBCA700A78426 /* Info.plist */,
			);
			path = Resources;
			sourceTree = "<group>";
		};
		6F2CF696290BDE65007699FE /* View */ = {
			isa = PBXGroup;
			children = (
				6F2CF6A0290C03D7007699FE /* Cells */,
				6FD54CAF290BBCA400A78426 /* EmployeeListViewController.swift */,
			);
			path = View;
			sourceTree = "<group>";
		};
		6F2CF698290BF63E007699FE /* Splash */ = {
			isa = PBXGroup;
			children = (
				6FD54CB6290BBCA700A78426 /* LaunchScreen.storyboard */,
			);
			path = Splash;
			sourceTree = "<group>";
		};
		6F2CF699290BF6BC007699FE /* Extensions */ = {
			isa = PBXGroup;
			children = (
				6F2CF69A290BF704007699FE /* UIViewExtension.swift */,
				6F06DDE7290D69BA00DB5297 /* UIFontExtension.swift */,
				6F06DDE9290D6A5E00DB5297 /* UIImageExtension.swift */,
				6F06DDEE290EE18200DB5297 /* URLSessionExtension.swift */,
			);
			path = Extensions;
			sourceTree = "<group>";
		};
		6F2CF69C290BF7D9007699FE /* Network */ = {
			isa = PBXGroup;
			children = (
				6F2CF6A3290C2786007699FE /* NetworkService.swift */,
				6F2CF6A5290C2C89007699FE /* ErrorTypes.swift */,
				6F06DDEB290EBF8000DB5297 /* Cache layer */,
			);
			path = Network;
			sourceTree = "<group>";
		};
		6F2CF69D290BFF23007699FE /* Presenter */ = {
			isa = PBXGroup;
			children = (
				6F2CF69E290BFF3B007699FE /* EmployeePresenter.swift */,
			);
			path = Presenter;
			sourceTree = "<group>";
		};
		6F2CF6A0290C03D7007699FE /* Cells */ = {
			isa = PBXGroup;
			children = (
				6F2CF6A1290C03FF007699FE /* EmployeeListCell.swift */,
			);
			path = Cells;
			sourceTree = "<group>";
		};
		6F2CF6AC290D226B007699FE /* NetworkMonitor */ = {
			isa = PBXGroup;
			children = (
				6F2CF6AA290D2264007699FE /* NetworkMotinor.swift */,
			);
			path = NetworkMonitor;
			sourceTree = "<group>";
		};
		6FD54C9F290BBCA400A78426 = {
			isa = PBXGroup;
			children = (
				6FD54CAA290BBCA400A78426 /* AvitoTestAssignment */,
				6FD54CA9290BBCA400A78426 /* Products */,
			);
			sourceTree = "<group>";
		};
		6FD54CA9290BBCA400A78426 /* Products */ = {
			isa = PBXGroup;
			children = (
				6FD54CA8290BBCA400A78426 /* AvitoTestAssignment.app */,
			);
			name = Products;
			sourceTree = "<group>";
		};
		6FD54CAA290BBCA400A78426 /* AvitoTestAssignment */ = {
			isa = PBXGroup;
			children = (
				6F2CF6AC290D226B007699FE /* NetworkMonitor */,
				6F2CF699290BF6BC007699FE /* Extensions */,
				6F2CF68F290BDC02007699FE /* EmployeeListScreen */,
				6F2CF698290BF63E007699FE /* Splash */,
				6F2CF693290BDDB2007699FE /* Application */,
				6F2CF695290BDE4E007699FE /* Resources */,
			);
			path = AvitoTestAssignment;
			sourceTree = "<group>";
		};
/* End PBXGroup section */

/* Begin PBXNativeTarget section */
		6FD54CA7290BBCA400A78426 /* AvitoTestAssignment */ = {
			isa = PBXNativeTarget;
			buildConfigurationList = 6FD54CBC290BBCA700A78426 /* Build configuration list for PBXNativeTarget "AvitoTestAssignment" */;
			buildPhases = (
				6FD54CA4290BBCA400A78426 /* Sources */,
				6FD54CA5290BBCA400A78426 /* Frameworks */,
				6FD54CA6290BBCA400A78426 /* Resources */,
			);
			buildRules = (
			);
			dependencies = (
			);
			name = AvitoTestAssignment;
			productName = AvitoTestAssignment;
			productReference = 6FD54CA8290BBCA400A78426 /* AvitoTestAssignment.app */;
			productType = "com.apple.product-type.application";
		};
/* End PBXNativeTarget section */

/* Begin PBXProject section */
		6FD54CA0290BBCA400A78426 /* Project object */ = {
			isa = PBXProject;
			attributes = {
				BuildIndependentTargetsInParallel = 1;
				LastSwiftUpdateCheck = 1400;
				LastUpgradeCheck = 1400;
				TargetAttributes = {
					6FD54CA7290BBCA400A78426 = {
						CreatedOnToolsVersion = 14.0.1;
					};
				};
			};
			buildConfigurationList = 6FD54CA3290BBCA400A78426 /* Build configuration list for PBXProject "AvitoTestAssignment" */;
			compatibilityVersion = "Xcode 14.0";
			developmentRegion = en;
			hasScannedForEncodings = 0;
			knownRegions = (
				en,
				Base,
			);
			mainGroup = 6FD54C9F290BBCA400A78426;
			productRefGroup = 6FD54CA9290BBCA400A78426 /* Products */;
			projectDirPath = "";
			projectRoot = "";
			targets = (
				6FD54CA7290BBCA400A78426 /* AvitoTestAssignment */,
			);
		};
/* End PBXProject section */

/* Begin PBXResourcesBuildPhase section */
		6FD54CA6290BBCA400A78426 /* Resources */ = {
			isa = PBXResourcesBuildPhase;
			buildActionMask = 2147483647;
			files = (
				6FD54CB8290BBCA700A78426 /* LaunchScreen.storyboard in Resources */,
				6FD54CB5290BBCA700A78426 /* Assets.xcassets in Resources */,
			);
			runOnlyForDeploymentPostprocessing = 0;
		};
/* End PBXResourcesBuildPhase section */

/* Begin PBXSourcesBuildPhase section */
		6FD54CA4290BBCA400A78426 /* Sources */ = {
			isa = PBXSourcesBuildPhase;
			buildActionMask = 2147483647;
			files = (
				6F2CF69F290BFF3B007699FE /* EmployeePresenter.swift in Sources */,
				6F2CF69B290BF704007699FE /* UIViewExtension.swift in Sources */,
				6F2CF6A4290C2786007699FE /* NetworkService.swift in Sources */,
				6FD54CB0290BBCA400A78426 /* EmployeeListViewController.swift in Sources */,
				6F2CF6AB290D2264007699FE /* NetworkMotinor.swift in Sources */,
				6F06DDEF290EE18200DB5297 /* URLSessionExtension.swift in Sources */,
				6F06DDED290EBFC500DB5297 /* CacheResponseFromURL.swift in Sources */,
				6F2CF6A6290C2C89007699FE /* ErrorTypes.swift in Sources */,
				6F2CF6A9290C3668007699FE /* ModuleBuilder.swift in Sources */,
				6FD54CAC290BBCA400A78426 /* AppDelegate.swift in Sources */,
				6FD54CAE290BBCA400A78426 /* SceneDelegate.swift in Sources */,
				6F06DDEA290D6A5E00DB5297 /* UIImageExtension.swift in Sources */,
				6F2CF6A2290C03FF007699FE /* EmployeeListCell.swift in Sources */,
				6F06DDE8290D69BA00DB5297 /* UIFontExtension.swift in Sources */,
				6F2CF692290BDC21007699FE /* EmployeeListModel.swift in Sources */,
			);
			runOnlyForDeploymentPostprocessing = 0;
		};
/* End PBXSourcesBuildPhase section */

/* Begin PBXVariantGroup section */
		6FD54CB6290BBCA700A78426 /* LaunchScreen.storyboard */ = {
			isa = PBXVariantGroup;
			children = (
				6FD54CB7290BBCA700A78426 /* Base */,
			);
			name = LaunchScreen.storyboard;
			sourceTree = "<group>";
		};
/* End PBXVariantGroup section */

/* Begin XCBuildConfiguration section */
		6FD54CBA290BBCA700A78426 /* Debug */ = {
			isa = XCBuildConfiguration;
			buildSettings = {
				ALWAYS_SEARCH_USER_PATHS = NO;
				CLANG_ANALYZER_NONNULL = YES;
				CLANG_ANALYZER_NUMBER_OBJECT_CONVERSION = YES_AGGRESSIVE;
				CLANG_CXX_LANGUAGE_STANDARD = "gnu++20";
				CLANG_ENABLE_MODULES = YES;
				CLANG_ENABLE_OBJC_ARC = YES;
				CLANG_ENABLE_OBJC_WEAK = YES;
				CLANG_WARN_BLOCK_CAPTURE_AUTORELEASING = YES;
				CLANG_WARN_BOOL_CONVERSION = YES;
				CLANG_WARN_COMMA = YES;
				CLANG_WARN_CONSTANT_CONVERSION = YES;
				CLANG_WARN_DEPRECATED_OBJC_IMPLEMENTATIONS = YES;
				CLANG_WARN_DIRECT_OBJC_ISA_USAGE = YES_ERROR;
				CLANG_WARN_DOCUMENTATION_COMMENTS = YES;
				CLANG_WARN_EMPTY_BODY = YES;
				CLANG_WARN_ENUM_CONVERSION = YES;
				CLANG_WARN_INFINITE_RECURSION = YES;
				CLANG_WARN_INT_CONVERSION = YES;
				CLANG_WARN_NON_LITERAL_NULL_CONVERSION = YES;
				CLANG_WARN_OBJC_IMPLICIT_RETAIN_SELF = YES;
				CLANG_WARN_OBJC_LITERAL_CONVERSION = YES;
				CLANG_WARN_OBJC_ROOT_CLASS = YES_ERROR;
				CLANG_WARN_QUOTED_INCLUDE_IN_FRAMEWORK_HEADER = YES;
				CLANG_WARN_RANGE_LOOP_ANALYSIS = YES;
				CLANG_WARN_STRICT_PROTOTYPES = YES;
				CLANG_WARN_SUSPICIOUS_MOVE = YES;
				CLANG_WARN_UNGUARDED_AVAILABILITY = YES_AGGRESSIVE;
				CLANG_WARN_UNREACHABLE_CODE = YES;
				CLANG_WARN__DUPLICATE_METHOD_MATCH = YES;
				COPY_PHASE_STRIP = NO;
				DEBUG_INFORMATION_FORMAT = dwarf;
				ENABLE_STRICT_OBJC_MSGSEND = YES;
				ENABLE_TESTABILITY = YES;
				GCC_C_LANGUAGE_STANDARD = gnu11;
				GCC_DYNAMIC_NO_PIC = NO;
				GCC_NO_COMMON_BLOCKS = YES;
				GCC_OPTIMIZATION_LEVEL = 0;
				GCC_PREPROCESSOR_DEFINITIONS = (
					"DEBUG=1",
					"$(inherited)",
				);
				GCC_WARN_64_TO_32_BIT_CONVERSION = YES;
				GCC_WARN_ABOUT_RETURN_TYPE = YES_ERROR;
				GCC_WARN_UNDECLARED_SELECTOR = YES;
				GCC_WARN_UNINITIALIZED_AUTOS = YES_AGGRESSIVE;
				GCC_WARN_UNUSED_FUNCTION = YES;
				GCC_WARN_UNUSED_VARIABLE = YES;
				IPHONEOS_DEPLOYMENT_TARGET = 13.0;
				MTL_ENABLE_DEBUG_INFO = INCLUDE_SOURCE;
				MTL_FAST_MATH = YES;
				ONLY_ACTIVE_ARCH = YES;
				SDKROOT = iphoneos;
				SWIFT_ACTIVE_COMPILATION_CONDITIONS = DEBUG;
				SWIFT_OPTIMIZATION_LEVEL = "-Onone";
			};
			name = Debug;
		};
		6FD54CBB290BBCA700A78426 /* Release */ = {
			isa = XCBuildConfiguration;
			buildSettings = {
				ALWAYS_SEARCH_USER_PATHS = NO;
				CLANG_ANALYZER_NONNULL = YES;
				CLANG_ANALYZER_NUMBER_OBJECT_CONVERSION = YES_AGGRESSIVE;
				CLANG_CXX_LANGUAGE_STANDARD = "gnu++20";
				CLANG_ENABLE_MODULES = YES;
				CLANG_ENABLE_OBJC_ARC = YES;
				CLANG_ENABLE_OBJC_WEAK = YES;
				CLANG_WARN_BLOCK_CAPTURE_AUTORELEASING = YES;
				CLANG_WARN_BOOL_CONVERSION = YES;
				CLANG_WARN_COMMA = YES;
				CLANG_WARN_CONSTANT_CONVERSION = YES;
				CLANG_WARN_DEPRECATED_OBJC_IMPLEMENTATIONS = YES;
				CLANG_WARN_DIRECT_OBJC_ISA_USAGE = YES_ERROR;
				CLANG_WARN_DOCUMENTATION_COMMENTS = YES;
				CLANG_WARN_EMPTY_BODY = YES;
				CLANG_WARN_ENUM_CONVERSION = YES;
				CLANG_WARN_INFINITE_RECURSION = YES;
				CLANG_WARN_INT_CONVERSION = YES;
				CLANG_WARN_NON_LITERAL_NULL_CONVERSION = YES;
				CLANG_WARN_OBJC_IMPLICIT_RETAIN_SELF = YES;
				CLANG_WARN_OBJC_LITERAL_CONVERSION = YES;
				CLANG_WARN_OBJC_ROOT_CLASS = YES_ERROR;
				CLANG_WARN_QUOTED_INCLUDE_IN_FRAMEWORK_HEADER = YES;
				CLANG_WARN_RANGE_LOOP_ANALYSIS = YES;
				CLANG_WARN_STRICT_PROTOTYPES = YES;
				CLANG_WARN_SUSPICIOUS_MOVE = YES;
				CLANG_WARN_UNGUARDED_AVAILABILITY = YES_AGGRESSIVE;
				CLANG_WARN_UNREACHABLE_CODE = YES;
				CLANG_WARN__DUPLICATE_METHOD_MATCH = YES;
				COPY_PHASE_STRIP = NO;
				DEBUG_INFORMATION_FORMAT = "dwarf-with-dsym";
				ENABLE_NS_ASSERTIONS = NO;
				ENABLE_STRICT_OBJC_MSGSEND = YES;
				GCC_C_LANGUAGE_STANDARD = gnu11;
				GCC_NO_COMMON_BLOCKS = YES;
				GCC_WARN_64_TO_32_BIT_CONVERSION = YES;
				GCC_WARN_ABOUT_RETURN_TYPE = YES_ERROR;
				GCC_WARN_UNDECLARED_SELECTOR = YES;
				GCC_WARN_UNINITIALIZED_AUTOS = YES_AGGRESSIVE;
				GCC_WARN_UNUSED_FUNCTION = YES;
				GCC_WARN_UNUSED_VARIABLE = YES;
				IPHONEOS_DEPLOYMENT_TARGET = 13.0;
				MTL_ENABLE_DEBUG_INFO = NO;
				MTL_FAST_MATH = YES;
				SDKROOT = iphoneos;
				SWIFT_COMPILATION_MODE = wholemodule;
				SWIFT_OPTIMIZATION_LEVEL = "-O";
				VALIDATE_PRODUCT = YES;
			};
			name = Release;
		};
		6FD54CBD290BBCA700A78426 /* Debug */ = {
			isa = XCBuildConfiguration;
			buildSettings = {
				ASSETCATALOG_COMPILER_APPICON_NAME = AppIcon;
				ASSETCATALOG_COMPILER_GLOBAL_ACCENT_COLOR_NAME = AccentColor;
				CODE_SIGN_STYLE = Automatic;
				CURRENT_PROJECT_VERSION = 1;
				DEVELOPMENT_TEAM = AMP4K6VW86;
				GENERATE_INFOPLIST_FILE = YES;
				INFOPLIST_FILE = AvitoTestAssignment/Resources/Info.plist;
				INFOPLIST_KEY_LSApplicationCategoryType = "public.app-category.business";
				INFOPLIST_KEY_UIApplicationSupportsIndirectInputEvents = YES;
				INFOPLIST_KEY_UILaunchStoryboardName = LaunchScreen;
				INFOPLIST_KEY_UISupportedInterfaceOrientations = UIInterfaceOrientationPortrait;
				IPHONEOS_DEPLOYMENT_TARGET = 13.0;
				LD_RUNPATH_SEARCH_PATHS = (
					"$(inherited)",
					"@executable_path/Frameworks",
				);
				MARKETING_VERSION = 1.0;
				PRODUCT_BUNDLE_IDENTIFIER = com.yansakhnevich.AvitoTestAssignment;
				PRODUCT_NAME = "$(TARGET_NAME)";
				SUPPORTED_PLATFORMS = "iphoneos iphonesimulator";
				SUPPORTS_MACCATALYST = NO;
				SUPPORTS_MAC_DESIGNED_FOR_IPHONE_IPAD = NO;
				SWIFT_EMIT_LOC_STRINGS = YES;
				SWIFT_VERSION = 5.0;
				TARGETED_DEVICE_FAMILY = "1,2";
			};
			name = Debug;
		};
		6FD54CBE290BBCA700A78426 /* Release */ = {
			isa = XCBuildConfiguration;
			buildSettings = {
				ASSETCATALOG_COMPILER_APPICON_NAME = AppIcon;
				ASSETCATALOG_COMPILER_GLOBAL_ACCENT_COLOR_NAME = AccentColor;
				CODE_SIGN_STYLE = Automatic;
				CURRENT_PROJECT_VERSION = 1;
				DEVELOPMENT_TEAM = AMP4K6VW86;
				GENERATE_INFOPLIST_FILE = YES;
				INFOPLIST_FILE = AvitoTestAssignment/Resources/Info.plist;
				INFOPLIST_KEY_LSApplicationCategoryType = "public.app-category.business";
				INFOPLIST_KEY_UIApplicationSupportsIndirectInputEvents = YES;
				INFOPLIST_KEY_UILaunchStoryboardName = LaunchScreen;
				INFOPLIST_KEY_UISupportedInterfaceOrientations = UIInterfaceOrientationPortrait;
				IPHONEOS_DEPLOYMENT_TARGET = 13.0;
				LD_RUNPATH_SEARCH_PATHS = (
					"$(inherited)",
					"@executable_path/Frameworks",
				);
				MARKETING_VERSION = 1.0;
				PRODUCT_BUNDLE_IDENTIFIER = com.yansakhnevich.AvitoTestAssignment;
				PRODUCT_NAME = "$(TARGET_NAME)";
				SUPPORTED_PLATFORMS = "iphoneos iphonesimulator";
				SUPPORTS_MACCATALYST = NO;
				SUPPORTS_MAC_DESIGNED_FOR_IPHONE_IPAD = NO;
				SWIFT_EMIT_LOC_STRINGS = YES;
				SWIFT_VERSION = 5.0;
				TARGETED_DEVICE_FAMILY = "1,2";
			};
			name = Release;
		};
/* End XCBuildConfiguration section */

/* Begin XCConfigurationList section */
		6FD54CA3290BBCA400A78426 /* Build configuration list for PBXProject "AvitoTestAssignment" */ = {
			isa = XCConfigurationList;
			buildConfigurations = (
				6FD54CBA290BBCA700A78426 /* Debug */,
				6FD54CBB290BBCA700A78426 /* Release */,
			);
			defaultConfigurationIsVisible = 0;
			defaultConfigurationName = Release;
		};
		6FD54CBC290BBCA700A78426 /* Build configuration list for PBXNativeTarget "AvitoTestAssignment" */ = {
			isa = XCConfigurationList;
			buildConfigurations = (
				6FD54CBD290BBCA700A78426 /* Debug */,
				6FD54CBE290BBCA700A78426 /* Release */,
			);
			defaultConfigurationIsVisible = 0;
			defaultConfigurationName = Release;
		};
/* End XCConfigurationList section */
	};
	rootObject = 6FD54CA0290BBCA400A78426 /* Project object */;
}
